
Microsoft Visual Studio Solution File, Format Version 12.00
# Visual Studio Version 17
VisualStudioVersion = 17.2.32630.192
MinimumVisualStudioVersion = 10.0.40219.1
Project("{FAE04EC0-301F-11D3-BF4B-00C04F79EFBC}") = "BinanceBot", "BinanceBot\BinanceBot.csproj", "{D9104685-E08C-44F4-B65D-C16B77284138}"
EndProject
Global
	GlobalSection(SolutionConfigurationPlatforms) = preSolution
		Debug|Any CPU = Debug|Any CPU
		Release|Any CPU = Release|Any CPU
	EndGlobalSection
	GlobalSection(ProjectConfigurationPlatforms) = postSolution
		{D9104685-E08C-44F4-B65D-C16B77284138}.Debug|Any CPU.ActiveCfg = Debug|Any CPU
		{D9104685-E08C-44F4-B65D-C16B77284138}.Debug|Any CPU.Build.0 = Debug|Any CPU
		{D9104685-E08C-44F4-B65D-C16B77284138}.Release|Any CPU.ActiveCfg = Release|Any CPU
		{D9104685-E08C-44F4-B65D-C16B77284138}.Release|Any CPU.Build.0 = Release|Any CPU
	EndGlobalSection
	GlobalSection(SolutionProperties) = preSolution
		HideSolutionNode = FALSE
	EndGlobalSection
	GlobalSection(ExtensibilityGlobals) = postSolution
		SolutionGuid = {9565C4C8-9953-44AC-878D-3186D18404F4}
	EndGlobalSection
EndGlobal
