
Microsoft Visual Studio Solution File, Format Version 12.00
# Visual Studio Version 16
VisualStudioVersion = 16.0.30309.148
MinimumVisualStudioVersion = 10.0.40219.1
Project("{9A19103F-16F7-4668-BE54-9A1E7A4F7556}") = "BlazorServer", "BlazorServer\BlazorServer.csproj", "{439BC39D-2C85-4DFB-A541-00CBDA6F6E09}"
EndProject
Project("{FAE04EC0-301F-11D3-BF4B-00C04F79EFBC}") = "BlazorWebAssembly", "BlazorWebAssembly\BlazorWebAssembly.csproj", "{F7EDDB80-CF17-4674-9B25-23844A29448D}"
EndProject
Global
	GlobalSection(SolutionConfigurationPlatforms) = preSolution
		Debug|Any CPU = Debug|Any CPU
		Release|Any CPU = Release|Any CPU
	EndGlobalSection
	GlobalSection(ProjectConfigurationPlatforms) = postSolution
		{439BC39D-2C85-4DFB-A541-00CBDA6F6E09}.Debug|Any CPU.ActiveCfg = Debug|Any CPU
		{439BC39D-2C85-4DFB-A541-00CBDA6F6E09}.Debug|Any CPU.Build.0 = Debug|Any CPU
		{439BC39D-2C85-4DFB-A541-00CBDA6F6E09}.Release|Any CPU.ActiveCfg = Release|Any CPU
		{439BC39D-2C85-4DFB-A541-00CBDA6F6E09}.Release|Any CPU.Build.0 = Release|Any CPU
		{F7EDDB80-CF17-4674-9B25-23844A29448D}.Debug|Any CPU.ActiveCfg = Debug|Any CPU
		{F7EDDB80-CF17-4674-9B25-23844A29448D}.Debug|Any CPU.Build.0 = Debug|Any CPU
		{F7EDDB80-CF17-4674-9B25-23844A29448D}.Release|Any CPU.ActiveCfg = Release|Any CPU
		{F7EDDB80-CF17-4674-9B25-23844A29448D}.Release|Any CPU.Build.0 = Release|Any CPU
	EndGlobalSection
	GlobalSection(SolutionProperties) = preSolution
		HideSolutionNode = FALSE
	EndGlobalSection
	GlobalSection(ExtensibilityGlobals) = postSolution
		SolutionGuid = {9809042E-7CC1-40EC-AE5D-7226EFCEDA0A}
	EndGlobalSection
EndGlobal
